
Microsoft Visual Studio Solution File, Format Version 12.00
# Visual Studio Version 16
VisualStudioVersion = 16.0.31313.79
MinimumVisualStudioVersion = 10.0.40219.1
Project("{9A19103F-16F7-4668-BE54-9A1E7A4F7556}") = "FlyGon.ChainOfResponsibility", "src\FlyGon.ChainOfResponsibility\FlyGon.ChainOfResponsibility.csproj", "{7B75396A-0C0C-47B7-B446-FBFAC421102B}"
EndProject
Project("{FAE04EC0-301F-11D3-BF4B-00C04F79EFBC}") = "FlyGon.ChainOfResponsibility.HowToUse", "samples\FlyGon.ChainOfResponsibility.HowToUse\FlyGon.ChainOfResponsibility.HowToUse.csproj", "{15451E19-3E73-4986-8C1F-7ED7A188EDB4}"
EndProject
Global
	GlobalSection(SolutionConfigurationPlatforms) = preSolution
		Debug|Any CPU = Debug|Any CPU
		Release|Any CPU = Release|Any CPU
	EndGlobalSection
	GlobalSection(ProjectConfigurationPlatforms) = postSolution
		{7B75396A-0C0C-47B7-B446-FBFAC421102B}.Debug|Any CPU.ActiveCfg = Debug|Any CPU
		{7B75396A-0C0C-47B7-B446-FBFAC421102B}.Debug|Any CPU.Build.0 = Debug|Any CPU
		{7B75396A-0C0C-47B7-B446-FBFAC421102B}.Release|Any CPU.ActiveCfg = Release|Any CPU
		{7B75396A-0C0C-47B7-B446-FBFAC421102B}.Release|Any CPU.Build.0 = Release|Any CPU
		{15451E19-3E73-4986-8C1F-7ED7A188EDB4}.Debug|Any CPU.ActiveCfg = Debug|Any CPU
		{15451E19-3E73-4986-8C1F-7ED7A188EDB4}.Debug|Any CPU.Build.0 = Debug|Any CPU
		{15451E19-3E73-4986-8C1F-7ED7A188EDB4}.Release|Any CPU.ActiveCfg = Release|Any CPU
		{15451E19-3E73-4986-8C1F-7ED7A188EDB4}.Release|Any CPU.Build.0 = Release|Any CPU
	EndGlobalSection
	GlobalSection(SolutionProperties) = preSolution
		HideSolutionNode = FALSE
	EndGlobalSection
	GlobalSection(ExtensibilityGlobals) = postSolution
		SolutionGuid = {E39E7FF5-215E-46DC-BFE0-9FF0DF6367E2}
	EndGlobalSection
EndGlobal
